
Microsoft Visual Studio Solution File, Format Version 12.00
# Visual Studio Version 17
VisualStudioVersion = 17.7.34031.279
MinimumVisualStudioVersion = 10.0.40219.1
Project("{9A19103F-16F7-4668-BE54-9A1E7A4F7556}") = "ItsLib.WebApi", "ItsLib.WebApi\ItsLib.WebApi.csproj", "{C20DFCB4-B4C3-4A7E-BCDB-8ECABFBD077D}"
EndProject
Project("{9A19103F-16F7-4668-BE54-9A1E7A4F7556}") = "ItsLib.DAL", "ItsLib.DAL\ItsLib.DAL.csproj", "{E363D7C7-332C-4957-AC89-17902597C9CE}"
EndProject
Global
	GlobalSection(SolutionConfigurationPlatforms) = preSolution
		Debug|Any CPU = Debug|Any CPU
		Release|Any CPU = Release|Any CPU
	EndGlobalSection
	GlobalSection(ProjectConfigurationPlatforms) = postSolution
		{C20DFCB4-B4C3-4A7E-BCDB-8ECABFBD077D}.Debug|Any CPU.ActiveCfg = Debug|Any CPU
		{C20DFCB4-B4C3-4A7E-BCDB-8ECABFBD077D}.Debug|Any CPU.Build.0 = Debug|Any CPU
		{C20DFCB4-B4C3-4A7E-BCDB-8ECABFBD077D}.Release|Any CPU.ActiveCfg = Release|Any CPU
		{C20DFCB4-B4C3-4A7E-BCDB-8ECABFBD077D}.Release|Any CPU.Build.0 = Release|Any CPU
		{E363D7C7-332C-4957-AC89-17902597C9CE}.Debug|Any CPU.ActiveCfg = Debug|Any CPU
		{E363D7C7-332C-4957-AC89-17902597C9CE}.Debug|Any CPU.Build.0 = Debug|Any CPU
		{E363D7C7-332C-4957-AC89-17902597C9CE}.Release|Any CPU.ActiveCfg = Release|Any CPU
		{E363D7C7-332C-4957-AC89-17902597C9CE}.Release|Any CPU.Build.0 = Release|Any CPU
	EndGlobalSection
	GlobalSection(SolutionProperties) = preSolution
		HideSolutionNode = FALSE
	EndGlobalSection
	GlobalSection(ExtensibilityGlobals) = postSolution
		SolutionGuid = {9579F7F4-C25E-45E5-A501-A45E2897ECCB}
	EndGlobalSection
EndGlobal
